
Microsoft Visual Studio Solution File, Format Version 12.00
# Visual Studio Version 16
VisualStudioVersion = 16.0.30309.148
MinimumVisualStudioVersion = 10.0.40219.1
Project("{FAE04EC0-301F-11D3-BF4B-00C04F79EFBC}") = "WebKurzyApplication3", "WebKurzyApplication3.csproj", "{BEA453E2-0596-499F-B9DA-05E9F628449C}"
EndProject
Global
	GlobalSection(SolutionConfigurationPlatforms) = preSolution
		Debug|Any CPU = Debug|Any CPU
		Release|Any CPU = Release|Any CPU
	EndGlobalSection
	GlobalSection(ProjectConfigurationPlatforms) = postSolution
		{BEA453E2-0596-499F-B9DA-05E9F628449C}.Debug|Any CPU.ActiveCfg = Debug|Any CPU
		{BEA453E2-0596-499F-B9DA-05E9F628449C}.Debug|Any CPU.Build.0 = Debug|Any CPU
		{BEA453E2-0596-499F-B9DA-05E9F628449C}.Release|Any CPU.ActiveCfg = Release|Any CPU
		{BEA453E2-0596-499F-B9DA-05E9F628449C}.Release|Any CPU.Build.0 = Release|Any CPU
	EndGlobalSection
	GlobalSection(SolutionProperties) = preSolution
		HideSolutionNode = FALSE
	EndGlobalSection
	GlobalSection(ExtensibilityGlobals) = postSolution
		SolutionGuid = {90C468F2-47A5-430F-BB27-B6A479B097B5}
	EndGlobalSection
EndGlobal
